github.com/gorcon/rcon v1.3.5 h1:YE/Vrw6R99uEP08wp0EjdPAP3Jwz/ys3J8qxI1nYoeU=
github.com/gorcon/rcon v1.3.5/go.mod h1:zR1qfKZttF8vAgH1NsP6CdpachOvLDq8jE64NboTpIM=
github.com/jszwec/csvutil v1.10.0 h1:upMDUxhQKqZ5ZDCs/wy+8Kib8rZR8I8lOR34yJkdqhI=
github.com/jszwec/csvutil v1.10.0/go.mod h1:/E4ONrmGkwmWsk9ae9jpXnv9QT8pLHEPcCirMFhxG9I=
github.com/mackerelio/go-mackerel-plugin v0.1.4 h1:+kyatPMFSoghKd7o9oge1FnDrVknFbiwz5VWdFIgsqY=
github.com/mackerelio/go-mackerel-plugin v0.1.4/go.mod h1:bau0bZbR1JXiCwDIg880djjttZ/0j885v5k0n+jAS/I=
github.com/mackerelio/golib v1.2.1 h1:SDcDn6Jw3p9bi1N0bg1Z/ilG5qcBB23qL8xNwrU0gg4=
github.com/mackerelio/golib v1.2.1/go.mod h1:b8ZaapsHGH1FlEJlCqfD98CqafLeyMevyATDlID2BsM=
golang.org/x/text v0.3.7 h1:olpwvP2KacW1ZWvsR7uQhoyTYvKAupfQrRGBFM352Gk=
golang.org/x/text v0.3.7/go.mod h1:u+2+/6zg+i71rQMx5EYifcz6MCKuco9NR6JIITiCfzQ=
